// !$*UTF8*$!
{
	archiveVersion = 1;
	classes = {
	};
	objectVersion = 50;
	objects = {

/* Begin PBXBuildFile section */
		A99FB02124AF0E6200A7F6BD /* AppDelegate.swift in Sources */ = {isa = PBXBuildFile; fileRef = A99FB02024AF0E6200A7F6BD /* AppDelegate.swift */; };
		A99FB02324AF0E6200A7F6BD /* SceneDelegate.swift in Sources */ = {isa = PBXBuildFile; fileRef = A99FB02224AF0E6200A7F6BD /* SceneDelegate.swift */; };
		A99FB02524AF0E6200A7F6BD /* ViewController.swift in Sources */ = {isa = PBXBuildFile; fileRef = A99FB02424AF0E6200A7F6BD /* ViewController.swift */; };
		A99FB02824AF0E6200A7F6BD /* Main.storyboard in Resources */ = {isa = PBXBuildFile; fileRef = A99FB02624AF0E6200A7F6BD /* Main.storyboard */; };
		A99FB02B24AF0E6200A7F6BD /* codewithchris_youtube_onedaybuild.xcdatamodeld in Sources */ = {isa = PBXBuildFile; fileRef = A99FB02924AF0E6200A7F6BD /* codewithchris_youtube_onedaybuild.xcdatamodeld */; };
		A99FB02D24AF0E6400A7F6BD /* Assets.xcassets in Resources */ = {isa = PBXBuildFile; fileRef = A99FB02C24AF0E6400A7F6BD /* Assets.xcassets */; };
		A99FB03024AF0E6400A7F6BD /* LaunchScreen.storyboard in Resources */ = {isa = PBXBuildFile; fileRef = A99FB02E24AF0E6400A7F6BD /* LaunchScreen.storyboard */; };
/* End PBXBuildFile section */

/* Begin PBXFileReference section */
		A99FB01D24AF0E6200A7F6BD /* codewithchris-youtube-onedaybuild.app */ = {isa = PBXFileReference; explicitFileType = wrapper.application; includeInIndex = 0; path = "codewithchris-youtube-onedaybuild.app"; sourceTree = BUILT_PRODUCTS_DIR; };
		A99FB02024AF0E6200A7F6BD /* AppDelegate.swift */ = {isa = PBXFileReference; lastKnownFileType = sourcecode.swift; path = AppDelegate.swift; sourceTree = "<group>"; };
		A99FB02224AF0E6200A7F6BD /* SceneDelegate.swift */ = {isa = PBXFileReference; lastKnownFileType = sourcecode.swift; path = SceneDelegate.swift; sourceTree = "<group>"; };
		A99FB02424AF0E6200A7F6BD /* ViewController.swift */ = {isa = PBXFileReference; lastKnownFileType = sourcecode.swift; path = ViewController.swift; sourceTree = "<group>"; };
		A99FB02724AF0E6200A7F6BD /* Base */ = {isa = PBXFileReference; lastKnownFileType = file.storyboard; name = Base; path = Base.lproj/Main.storyboard; sourceTree = "<group>"; };
		A99FB02A24AF0E6200A7F6BD /* codewithchris_youtube_onedaybuild.xcdatamodel */ = {isa = PBXFileReference; lastKnownFileType = wrapper.xcdatamodel; path = codewithchris_youtube_onedaybuild.xcdatamodel; sourceTree = "<group>"; };
		A99FB02C24AF0E6400A7F6BD /* Assets.xcassets */ = {isa = PBXFileReference; lastKnownFileType = folder.assetcatalog; path = Assets.xcassets; sourceTree = "<group>"; };
		A99FB02F24AF0E6400A7F6BD /* Base */ = {isa = PBXFileReference; lastKnownFileType = file.storyboard; name = Base; path = Base.lproj/LaunchScreen.storyboard; sourceTree = "<group>"; };
		A99FB03124AF0E6400A7F6BD /* Info.plist */ = {isa = PBXFileReference; lastKnownFileType = text.plist.xml; path = Info.plist; sourceTree = "<group>"; };
/* End PBXFileReference section */

/* Begin PBXFrameworksBuildPhase section */
		A99FB01A24AF0E6200A7F6BD /* Frameworks */ = {
			isa = PBXFrameworksBuildPhase;
			buildActionMask = 2147483647;
			files = (
			);
			runOnlyForDeploymentPostprocessing = 0;
		};
/* End PBXFrameworksBuildPhase section */

/* Begin PBXGroup section */
		A99FB01424AF0E6200A7F6BD = {
			isa = PBXGroup;
			children = (
				A99FB01F24AF0E6200A7F6BD /* codewithchris-youtube-onedaybuild */,
				A99FB01E24AF0E6200A7F6BD /* Products */,
			);
			sourceTree = "<group>";
		};
		A99FB01E24AF0E6200A7F6BD /* Products */ = {
			isa = PBXGroup;
			children = (
				A99FB01D24AF0E6200A7F6BD /* codewithchris-youtube-onedaybuild.app */,
			);
			name = Products;
			sourceTree = "<group>";
		};
		A99FB01F24AF0E6200A7F6BD /* codewithchris-youtube-onedaybuild */ = {
			isa = PBXGroup;
			children = (
				A99FB02024AF0E6200A7F6BD /* AppDelegate.swift */,
				A99FB02224AF0E6200A7F6BD /* SceneDelegate.swift */,
				A99FB02424AF0E6200A7F6BD /* ViewController.swift */,
				A99FB02624AF0E6200A7F6BD /* Main.storyboard */,
				A99FB02C24AF0E6400A7F6BD /* Assets.xcassets */,
				A99FB02E24AF0E6400A7F6BD /* LaunchScreen.storyboard */,
				A99FB03124AF0E6400A7F6BD /* Info.plist */,
				A99FB02924AF0E6200A7F6BD /* codewithchris_youtube_onedaybuild.xcdatamodeld */,
			);
			path = "codewithchris-youtube-onedaybuild";
			sourceTree = "<group>";
		};
/* End PBXGroup section */

/* Begin PBXNativeTarget section */
		A99FB01C24AF0E6200A7F6BD /* codewithchris-youtube-onedaybuild */ = {
			isa = PBXNativeTarget;
			buildConfigurationList = A99FB03424AF0E6400A7F6BD /* Build configuration list for PBXNativeTarget "codewithchris-youtube-onedaybuild" */;
			buildPhases = (
				A99FB01924AF0E6200A7F6BD /* Sources */,
				A99FB01A24AF0E6200A7F6BD /* Frameworks */,
				A99FB01B24AF0E6200A7F6BD /* Resources */,
			);
			buildRules = (
			);
			dependencies = (
			);
			name = "codewithchris-youtube-onedaybuild";
			productName = "codewithchris-youtube-onedaybuild";
			productReference = A99FB01D24AF0E6200A7F6BD /* codewithchris-youtube-onedaybuild.app */;
			productType = "com.apple.product-type.application";
		};
/* End PBXNativeTarget section */

/* Begin PBXProject section */
		A99FB01524AF0E6200A7F6BD /* Project object */ = {
			isa = PBXProject;
			attributes = {
				LastSwiftUpdateCheck = 1150;
				LastUpgradeCheck = 1150;
				ORGANIZATIONNAME = "michael tamsil";
				TargetAttributes = {
					A99FB01C24AF0E6200A7F6BD = {
						CreatedOnToolsVersion = 11.5;
					};
				};
			};
			buildConfigurationList = A99FB01824AF0E6200A7F6BD /* Build configuration list for PBXProject "codewithchris-youtube-onedaybuild" */;
			compatibilityVersion = "Xcode 9.3";
			developmentRegion = en;
			hasScannedForEncodings = 0;
			knownRegions = (
				en,
				Base,
			);
			mainGroup = A99FB01424AF0E6200A7F6BD;
			productRefGroup = A99FB01E24AF0E6200A7F6BD /* Products */;
			projectDirPath = "";
			projectRoot = "";
			targets = (
				A99FB01C24AF0E6200A7F6BD /* codewithchris-youtube-onedaybuild */,
			);
		};
/* End PBXProject section */

/* Begin PBXResourcesBuildPhase section */
		A99FB01B24AF0E6200A7F6BD /* Resources */ = {
			isa = PBXResourcesBuildPhase;
			buildActionMask = 2147483647;
			files = (
				A99FB03024AF0E6400A7F6BD /* LaunchScreen.storyboard in Resources */,
				A99FB02D24AF0E6400A7F6BD /* Assets.xcassets in Resources */,
				A99FB02824AF0E6200A7F6BD /* Main.storyboard in Resources */,
			);
			runOnlyForDeploymentPostprocessing = 0;
		};
/* End PBXResourcesBuildPhase section */

/* Begin PBXSourcesBuildPhase section */
		A99FB01924AF0E6200A7F6BD /* Sources */ = {
			isa = PBXSourcesBuildPhase;
			buildActionMask = 2147483647;
			files = (
				A99FB02524AF0E6200A7F6BD /* ViewController.swift in Sources */,
				A99FB02B24AF0E6200A7F6BD /* codewithchris_youtube_onedaybuild.xcdatamodeld in Sources */,
				A99FB02124AF0E6200A7F6BD /* AppDelegate.swift in Sources */,
				A99FB02324AF0E6200A7F6BD /* SceneDelegate.swift in Sources */,
			);
			runOnlyForDeploymentPostprocessing = 0;
		};
/* End PBXSourcesBuildPhase section */

/* Begin PBXVariantGroup section */
		A99FB02624AF0E6200A7F6BD /* Main.storyboard */ = {
			isa = PBXVariantGroup;
			children = (
				A99FB02724AF0E6200A7F6BD /* Base */,
			);
			name = Main.storyboard;
			sourceTree = "<group>";
		};
		A99FB02E24AF0E6400A7F6BD /* LaunchScreen.storyboard */ = {
			isa = PBXVariantGroup;
			children = (
				A99FB02F24AF0E6400A7F6BD /* Base */,
			);
			name = LaunchScreen.storyboard;
			sourceTree = "<group>";
		};
/* End PBXVariantGroup section */

/* Begin XCBuildConfiguration section */
		A99FB03224AF0E6400A7F6BD /* Debug */ = {
			isa = XCBuildConfiguration;
			buildSettings = {
				ALWAYS_SEARCH_USER_PATHS = NO;
				CLANG_ANALYZER_NONNULL = YES;
				CLANG_ANALYZER_NUMBER_OBJECT_CONVERSION = YES_AGGRESSIVE;
				CLANG_CXX_LANGUAGE_STANDARD = "gnu++14";
				CLANG_CXX_LIBRARY = "libc++";
				CLANG_ENABLE_MODULES = YES;
				CLANG_ENABLE_OBJC_ARC = YES;
				CLANG_ENABLE_OBJC_WEAK = YES;
				CLANG_WARN_BLOCK_CAPTURE_AUTORELEASING = YES;
				CLANG_WARN_BOOL_CONVERSION = YES;
				CLANG_WARN_COMMA = YES;
				CLANG_WARN_CONSTANT_CONVERSION = YES;
				CLANG_WARN_DEPRECATED_OBJC_IMPLEMENTATIONS = YES;
				CLANG_WARN_DIRECT_OBJC_ISA_USAGE = YES_ERROR;
				CLANG_WARN_DOCUMENTATION_COMMENTS = YES;
				CLANG_WARN_EMPTY_BODY = YES;
				CLANG_WARN_ENUM_CONVERSION = YES;
				CLANG_WARN_INFINITE_RECURSION = YES;
				CLANG_WARN_INT_CONVERSION = YES;
				CLANG_WARN_NON_LITERAL_NULL_CONVERSION = YES;
				CLANG_WARN_OBJC_IMPLICIT_RETAIN_SELF = YES;
				CLANG_WARN_OBJC_LITERAL_CONVERSION = YES;
				CLANG_WARN_OBJC_ROOT_CLASS = YES_ERROR;
				CLANG_WARN_RANGE_LOOP_ANALYSIS = YES;
				CLANG_WARN_STRICT_PROTOTYPES = YES;
				CLANG_WARN_SUSPICIOUS_MOVE = YES;
				CLANG_WARN_UNGUARDED_AVAILABILITY = YES_AGGRESSIVE;
				CLANG_WARN_UNREACHABLE_CODE = YES;
				CLANG_WARN__DUPLICATE_METHOD_MATCH = YES;
				COPY_PHASE_STRIP = NO;
				DEBUG_INFORMATION_FORMAT = dwarf;
				ENABLE_STRICT_OBJC_MSGSEND = YES;
				ENABLE_TESTABILITY = YES;
				GCC_C_LANGUAGE_STANDARD = gnu11;
				GCC_DYNAMIC_NO_PIC = NO;
				GCC_NO_COMMON_BLOCKS = YES;
				GCC_OPTIMIZATION_LEVEL = 0;
				GCC_PREPROCESSOR_DEFINITIONS = (
					"DEBUG=1",
					"$(inherited)",
				);
				GCC_WARN_64_TO_32_BIT_CONVERSION = YES;
				GCC_WARN_ABOUT_RETURN_TYPE = YES_ERROR;
				GCC_WARN_UNDECLARED_SELECTOR = YES;
				GCC_WARN_UNINITIALIZED_AUTOS = YES_AGGRESSIVE;
				GCC_WARN_UNUSED_FUNCTION = YES;
				GCC_WARN_UNUSED_VARIABLE = YES;
				IPHONEOS_DEPLOYMENT_TARGET = 13.5;
				MTL_ENABLE_DEBUG_INFO = INCLUDE_SOURCE;
				MTL_FAST_MATH = YES;
				ONLY_ACTIVE_ARCH = YES;
				SDKROOT = iphoneos;
				SWIFT_ACTIVE_COMPILATION_CONDITIONS = DEBUG;
				SWIFT_OPTIMIZATION_LEVEL = "-Onone";
			};
			name = Debug;
		};
		A99FB03324AF0E6400A7F6BD /* Release */ = {
			isa = XCBuildConfiguration;
			buildSettings = {
				ALWAYS_SEARCH_USER_PATHS = NO;
				CLANG_ANALYZER_NONNULL = YES;
				CLANG_ANALYZER_NUMBER_OBJECT_CONVERSION = YES_AGGRESSIVE;
				CLANG_CXX_LANGUAGE_STANDARD = "gnu++14";
				CLANG_CXX_LIBRARY = "libc++";
				CLANG_ENABLE_MODULES = YES;
				CLANG_ENABLE_OBJC_ARC = YES;
				CLANG_ENABLE_OBJC_WEAK = YES;
				CLANG_WARN_BLOCK_CAPTURE_AUTORELEASING = YES;
				CLANG_WARN_BOOL_CONVERSION = YES;
				CLANG_WARN_COMMA = YES;
				CLANG_WARN_CONSTANT_CONVERSION = YES;
				CLANG_WARN_DEPRECATED_OBJC_IMPLEMENTATIONS = YES;
				CLANG_WARN_DIRECT_OBJC_ISA_USAGE = YES_ERROR;
				CLANG_WARN_DOCUMENTATION_COMMENTS = YES;
				CLANG_WARN_EMPTY_BODY = YES;
				CLANG_WARN_ENUM_CONVERSION = YES;
				CLANG_WARN_INFINITE_RECURSION = YES;
				CLANG_WARN_INT_CONVERSION = YES;
				CLANG_WARN_NON_LITERAL_NULL_CONVERSION = YES;
				CLANG_WARN_OBJC_IMPLICIT_RETAIN_SELF = YES;
				CLANG_WARN_OBJC_LITERAL_CONVERSION = YES;
				CLANG_WARN_OBJC_ROOT_CLASS = YES_ERROR;
				CLANG_WARN_RANGE_LOOP_ANALYSIS = YES;
				CLANG_WARN_STRICT_PROTOTYPES = YES;
				CLANG_WARN_SUSPICIOUS_MOVE = YES;
				CLANG_WARN_UNGUARDED_AVAILABILITY = YES_AGGRESSIVE;
				CLANG_WARN_UNREACHABLE_CODE = YES;
				CLANG_WARN__DUPLICATE_METHOD_MATCH = YES;
				COPY_PHASE_STRIP = NO;
				DEBUG_INFORMATION_FORMAT = "dwarf-with-dsym";
				ENABLE_NS_ASSERTIONS = NO;
				ENABLE_STRICT_OBJC_MSGSEND = YES;
				GCC_C_LANGUAGE_STANDARD = gnu11;
				GCC_NO_COMMON_BLOCKS = YES;
				GCC_WARN_64_TO_32_BIT_CONVERSION = YES;
				GCC_WARN_ABOUT_RETURN_TYPE = YES_ERROR;
				GCC_WARN_UNDECLARED_SELECTOR = YES;
				GCC_WARN_UNINITIALIZED_AUTOS = YES_AGGRESSIVE;
				GCC_WARN_UNUSED_FUNCTION = YES;
				GCC_WARN_UNUSED_VARIABLE = YES;
				IPHONEOS_DEPLOYMENT_TARGET = 13.5;
				MTL_ENABLE_DEBUG_INFO = NO;
				MTL_FAST_MATH = YES;
				SDKROOT = iphoneos;
				SWIFT_COMPILATION_MODE = wholemodule;
				SWIFT_OPTIMIZATION_LEVEL = "-O";
				VALIDATE_PRODUCT = YES;
			};
			name = Release;
		};
		A99FB03524AF0E6400A7F6BD /* Debug */ = {
			isa = XCBuildConfiguration;
			buildSettings = {
				ASSETCATALOG_COMPILER_APPICON_NAME = AppIcon;
				CODE_SIGN_STYLE = Automatic;
				DEVELOPMENT_TEAM = J5T564JM4P;
				INFOPLIST_FILE = "codewithchris-youtube-onedaybuild/Info.plist";
				LD_RUNPATH_SEARCH_PATHS = (
					"$(inherited)",
					"@executable_path/Frameworks",
				);
				PRODUCT_BUNDLE_IDENTIFIER = "com.michaeltamsil.codewithchris-youtube-onedaybuild";
				PRODUCT_NAME = "$(TARGET_NAME)";
				SWIFT_VERSION = 5.0;
				TARGETED_DEVICE_FAMILY = "1,2";
			};
			name = Debug;
		};
		A99FB03624AF0E6400A7F6BD /* Release */ = {
			isa = XCBuildConfiguration;
			buildSettings = {
				ASSETCATALOG_COMPILER_APPICON_NAME = AppIcon;
				CODE_SIGN_STYLE = Automatic;
				DEVELOPMENT_TEAM = J5T564JM4P;
				INFOPLIST_FILE = "codewithchris-youtube-onedaybuild/Info.plist";
				LD_RUNPATH_SEARCH_PATHS = (
					"$(inherited)",
					"@executable_path/Frameworks",
				);
				PRODUCT_BUNDLE_IDENTIFIER = "com.michaeltamsil.codewithchris-youtube-onedaybuild";
				PRODUCT_NAME = "$(TARGET_NAME)";
				SWIFT_VERSION = 5.0;
				TARGETED_DEVICE_FAMILY = "1,2";
			};
			name = Release;
		};
/* End XCBuildConfiguration section */

/* Begin XCConfigurationList section */
		A99FB01824AF0E6200A7F6BD /* Build configuration list for PBXProject "codewithchris-youtube-onedaybuild" */ = {
			isa = XCConfigurationList;
			buildConfigurations = (
				A99FB03224AF0E6400A7F6BD /* Debug */,
				A99FB03324AF0E6400A7F6BD /* Release */,
			);
			defaultConfigurationIsVisible = 0;
			defaultConfigurationName = Release;
		};
		A99FB03424AF0E6400A7F6BD /* Build configuration list for PBXNativeTarget "codewithchris-youtube-onedaybuild" */ = {
			isa = XCConfigurationList;
			buildConfigurations = (
				A99FB03524AF0E6400A7F6BD /* Debug */,
				A99FB03624AF0E6400A7F6BD /* Release */,
			);
			defaultConfigurationIsVisible = 0;
			defaultConfigurationName = Release;
		};
/* End XCConfigurationList section */

/* Begin XCVersionGroup section */
		A99FB02924AF0E6200A7F6BD /* codewithchris_youtube_onedaybuild.xcdatamodeld */ = {
			isa = XCVersionGroup;
			children = (
				A99FB02A24AF0E6200A7F6BD /* codewithchris_youtube_onedaybuild.xcdatamodel */,
			);
			currentVersion = A99FB02A24AF0E6200A7F6BD /* codewithchris_youtube_onedaybuild.xcdatamodel */;
			path = codewithchris_youtube_onedaybuild.xcdatamodeld;
			sourceTree = "<group>";
			versionGroupType = wrapper.xcdatamodel;
		};
/* End XCVersionGroup section */
	};
	rootObject = A99FB01524AF0E6200A7F6BD /* Project object */;
}
